
Microsoft Visual Studio Solution File, Format Version 12.00
# Visual Studio Version 16
VisualStudioVersion = 16.0.29306.81
MinimumVisualStudioVersion = 10.0.40219.1
Project("{FAE04EC0-301F-11D3-BF4B-00C04F79EFBC}") = "RedogGroomingClient", "RedogGroomingClient\RedogGroomingClient.csproj", "{37BB06C9-D5D1-4F73-AF36-5D6BA1D6A6E3}"
EndProject
Global
	GlobalSection(SolutionConfigurationPlatforms) = preSolution
		Debug|Any CPU = Debug|Any CPU
		Release|Any CPU = Release|Any CPU
	EndGlobalSection
	GlobalSection(ProjectConfigurationPlatforms) = postSolution
		{37BB06C9-D5D1-4F73-AF36-5D6BA1D6A6E3}.Debug|Any CPU.ActiveCfg = Debug|Any CPU
		{37BB06C9-D5D1-4F73-AF36-5D6BA1D6A6E3}.Debug|Any CPU.Build.0 = Debug|Any CPU
		{37BB06C9-D5D1-4F73-AF36-5D6BA1D6A6E3}.Release|Any CPU.ActiveCfg = Release|Any CPU
		{37BB06C9-D5D1-4F73-AF36-5D6BA1D6A6E3}.Release|Any CPU.Build.0 = Release|Any CPU
	EndGlobalSection
	GlobalSection(SolutionProperties) = preSolution
		HideSolutionNode = FALSE
	EndGlobalSection
	GlobalSection(ExtensibilityGlobals) = postSolution
		SolutionGuid = {27C27B27-254D-4E51-9B8B-A2601144761D}
	EndGlobalSection
EndGlobal
